{
  "name": "SanboxTS",
  "version": "1.0.0",
  "lockfileVersion": 1,
  "requires": true,
  "dependencies": {
    "@rbxts/extendable-resources": {
      "version": "1.0.0",
      "resolved": "https://registry.npmjs.org/@rbxts/extendable-resources/-/extendable-resources-1.0.0.tgz",
      "integrity": "sha512-tGjAOD+nISYJCvTGyIZvkxx5n8tcuE0FYneAFpVifJkXc75JHdmAdEVg+CO4yDpwg00H06429ph/ee1Qb+5+Tg==",
      "requires": {
        "@rbxts/types": "^1.0.194"
      }
    },
    "@rbxts/make": {
      "version": "1.0.1",
      "resolved": "https://registry.npmjs.org/@rbxts/make/-/make-1.0.1.tgz",
      "integrity": "sha512-QuDqgow5KIwv4YkBDgB7gilE0ulxk69ISlXWPaLbOOII83zYVaOkO5qDnfbgKrOzJ4ijBdMNEwPB+P/WuuvLRQ==",
      "requires": {
        "@rbxts/types": "^1.0.209"
      }
    },
    "@rbxts/net": {
      "version": "1.2.8",
      "resolved": "https://registry.npmjs.org/@rbxts/net/-/net-1.2.8.tgz",
      "integrity": "sha512-gxEx7mQzmEYICzrqST2QZ3+M/1xGKwYu+EnNIr8o0TAra24JadtGSsgDx8JOkJb3RdZH+Z+O6FbtO+RicuVVXg=="
    },
    "@rbxts/remoteevent": {
      "version": "1.0.2",
      "resolved": "https://registry.npmjs.org/@rbxts/remoteevent/-/remoteevent-1.0.2.tgz",
      "integrity": "sha512-BeiQK5/LuItB3fy4tix7C4awGWcA7ugLZyB6m6xkyCbQwr6CnzR4ErVlpC/m3nyWp2KQ9D9eMjpU8Im5C0Mp6w=="
    },
    "@rbxts/roact": {
      "version": "1.2.0",
      "resolved": "https://registry.npmjs.org/@rbxts/roact/-/roact-1.2.0.tgz",
      "integrity": "sha512-UCO2b3pCpepb3bWXtTE9B8M3rsN5gmy9tEiEru8aJr6sYINygbGSY4F+SK+7Owuyim6zC+1woJYdBIuPJrEpzg=="
    },
    "@rbxts/services": {
      "version": "1.0.4",
      "resolved": "https://registry.npmjs.org/@rbxts/services/-/services-1.0.4.tgz",
      "integrity": "sha512-lvTFr9soI6WQzZDuy1NIWaeI9YrnE0+pK+57MCcBoTcGDfg5EZMVgLGmpVDt0lUqD3UB7Yr++DtYOdPUFQqNGg=="
    },
    "@rbxts/t": {
      "version": "1.2.9",
      "resolved": "https://registry.npmjs.org/@rbxts/t/-/t-1.2.9.tgz",
      "integrity": "sha512-h67b4IW0ibMHYzSl9nqjwq935BdCrpq1D8AX4eUB8tO1WVovtt8EYTi4N9ywFYlRkxiTCVnCdeo1/qCEKpjHZQ==",
      "requires": {
        "@rbxts/types": "^1.0.317"
      }
    },
    "@rbxts/types": {
      "version": "1.0.356",
      "resolved": "https://registry.npmjs.org/@rbxts/types/-/types-1.0.356.tgz",
      "integrity": "sha512-uaZna/NIA8iVgcyop+J462zfJQkC42X59vxqujO3mevqfU9Ajkn0zpZO9Pfz1YltopEHQ94ZZ+/iimrp2RNRCA=="
    }
  }
}
